// !$*UTF8*$!
{
	archiveVersion = 1;
	classes = {
	};
	objectVersion = 56;
	objects = {

/* Begin PBXBuildFile section */
		93BE73502BF3322A00C43D42 /* AppMain.swift in Sources */ = {isa = PBXBuildFile; fileRef = 93BE734F2BF3322A00C43D42 /* AppMain.swift */; };
		93BE73522BF3322A00C43D42 /* MainView.swift in Sources */ = {isa = PBXBuildFile; fileRef = 93BE73512BF3322A00C43D42 /* MainView.swift */; };
		93BE73542BF3322C00C43D42 /* Assets.xcassets in Resources */ = {isa = PBXBuildFile; fileRef = 93BE73532BF3322C00C43D42 /* Assets.xcassets */; };
		93BE735F2BF3366D00C43D42 /* ObjectView.swift in Sources */ = {isa = PBXBuildFile; fileRef = 93BE735E2BF3366D00C43D42 /* ObjectView.swift */; };
		93BE73612BF3385500C43D42 /* ObjectViewController.swift in Sources */ = {isa = PBXBuildFile; fileRef = 93BE73602BF3385500C43D42 /* ObjectViewController.swift */; };
		93BE73642BF33CA600C43D42 /* ObjectDetector.mlmodel in Sources */ = {isa = PBXBuildFile; fileRef = 93BE73632BF33CA600C43D42 /* ObjectDetector.mlmodel */; };
/* End PBXBuildFile section */

/* Begin PBXFileReference section */
		93BE734C2BF3322A00C43D42 /* Findo.app */ = {isa = PBXFileReference; explicitFileType = wrapper.application; includeInIndex = 0; path = Findo.app; sourceTree = BUILT_PRODUCTS_DIR; };
		93BE734F2BF3322A00C43D42 /* AppMain.swift */ = {isa = PBXFileReference; lastKnownFileType = sourcecode.swift; path = AppMain.swift; sourceTree = "<group>"; };
		93BE73512BF3322A00C43D42 /* MainView.swift */ = {isa = PBXFileReference; lastKnownFileType = sourcecode.swift; path = MainView.swift; sourceTree = "<group>"; };
		93BE73532BF3322C00C43D42 /* Assets.xcassets */ = {isa = PBXFileReference; lastKnownFileType = folder.assetcatalog; path = Assets.xcassets; sourceTree = "<group>"; };
		93BE73582BF3322C00C43D42 /* Findo.entitlements */ = {isa = PBXFileReference; lastKnownFileType = text.plist.entitlements; path = Findo.entitlements; sourceTree = "<group>"; };
		93BE735E2BF3366D00C43D42 /* ObjectView.swift */ = {isa = PBXFileReference; lastKnownFileType = sourcecode.swift; path = ObjectView.swift; sourceTree = "<group>"; };
		93BE73602BF3385500C43D42 /* ObjectViewController.swift */ = {isa = PBXFileReference; lastKnownFileType = sourcecode.swift; path = ObjectViewController.swift; sourceTree = "<group>"; };
		93BE73622BF33B7A00C43D42 /* Info.plist */ = {isa = PBXFileReference; lastKnownFileType = text.plist.xml; path = Info.plist; sourceTree = "<group>"; };
		93BE73632BF33CA600C43D42 /* ObjectDetector.mlmodel */ = {isa = PBXFileReference; lastKnownFileType = file.mlmodel; path = ObjectDetector.mlmodel; sourceTree = "<group>"; };
		93BE736B2BF33EBF00C43D42 /* README.md */ = {isa = PBXFileReference; lastKnownFileType = net.daringfireball.markdown; path = README.md; sourceTree = "<group>"; };
/* End PBXFileReference section */

/* Begin PBXFrameworksBuildPhase section */
		93BE73492BF3322A00C43D42 /* Frameworks */ = {
			isa = PBXFrameworksBuildPhase;
			buildActionMask = 2147483647;
			files = (
			);
			runOnlyForDeploymentPostprocessing = 0;
		};
/* End PBXFrameworksBuildPhase section */

/* Begin PBXGroup section */
		93BE73432BF3322A00C43D42 = {
			isa = PBXGroup;
			children = (
				93BE736B2BF33EBF00C43D42 /* README.md */,
				93BE734E2BF3322A00C43D42 /* Findo */,
				93BE734D2BF3322A00C43D42 /* Products */,
			);
			sourceTree = "<group>";
		};
		93BE734D2BF3322A00C43D42 /* Products */ = {
			isa = PBXGroup;
			children = (
				93BE734C2BF3322A00C43D42 /* Findo.app */,
			);
			name = Products;
			sourceTree = "<group>";
		};
		93BE734E2BF3322A00C43D42 /* Findo */ = {
			isa = PBXGroup;
			children = (
				93BE73652BF33DE800C43D42 /* Resource */,
				93BE73662BF33E2700C43D42 /* Source */,
			);
			path = Findo;
			sourceTree = "<group>";
		};
		93BE73652BF33DE800C43D42 /* Resource */ = {
			isa = PBXGroup;
			children = (
				93BE73582BF3322C00C43D42 /* Findo.entitlements */,
				93BE73622BF33B7A00C43D42 /* Info.plist */,
				93BE73632BF33CA600C43D42 /* ObjectDetector.mlmodel */,
				93BE73532BF3322C00C43D42 /* Assets.xcassets */,
			);
			path = Resource;
			sourceTree = "<group>";
		};
		93BE73662BF33E2700C43D42 /* Source */ = {
			isa = PBXGroup;
			children = (
				93BE73682BF33E2E00C43D42 /* Application */,
				93BE73672BF33E2C00C43D42 /* Feature */,
			);
			path = Source;
			sourceTree = "<group>";
		};
		93BE73672BF33E2C00C43D42 /* Feature */ = {
			isa = PBXGroup;
			children = (
				93BE73692BF33E3700C43D42 /* Main */,
				93BE736A2BF33E4500C43D42 /* ObjectView */,
			);
			path = Feature;
			sourceTree = "<group>";
		};
		93BE73682BF33E2E00C43D42 /* Application */ = {
			isa = PBXGroup;
			children = (
				93BE734F2BF3322A00C43D42 /* AppMain.swift */,
			);
			path = Application;
			sourceTree = "<group>";
		};
		93BE73692BF33E3700C43D42 /* Main */ = {
			isa = PBXGroup;
			children = (
				93BE73512BF3322A00C43D42 /* MainView.swift */,
			);
			path = Main;
			sourceTree = "<group>";
		};
		93BE736A2BF33E4500C43D42 /* ObjectView */ = {
			isa = PBXGroup;
			children = (
				93BE735E2BF3366D00C43D42 /* ObjectView.swift */,
				93BE73602BF3385500C43D42 /* ObjectViewController.swift */,
			);
			path = ObjectView;
			sourceTree = "<group>";
		};
/* End PBXGroup section */

/* Begin PBXNativeTarget section */
		93BE734B2BF3322A00C43D42 /* Findo */ = {
			isa = PBXNativeTarget;
			buildConfigurationList = 93BE735B2BF3322C00C43D42 /* Build configuration list for PBXNativeTarget "Findo" */;
			buildPhases = (
				93BE73482BF3322A00C43D42 /* Sources */,
				93BE73492BF3322A00C43D42 /* Frameworks */,
				93BE734A2BF3322A00C43D42 /* Resources */,
			);
			buildRules = (
			);
			dependencies = (
			);
			name = Findo;
			productName = Findo;
			productReference = 93BE734C2BF3322A00C43D42 /* Findo.app */;
			productType = "com.apple.product-type.application";
		};
/* End PBXNativeTarget section */

/* Begin PBXProject section */
		93BE73442BF3322A00C43D42 /* Project object */ = {
			isa = PBXProject;
			attributes = {
				BuildIndependentTargetsInParallel = 1;
				LastSwiftUpdateCheck = 1530;
				LastUpgradeCheck = 1530;
				TargetAttributes = {
					93BE734B2BF3322A00C43D42 = {
						CreatedOnToolsVersion = 15.3;
					};
				};
			};
			buildConfigurationList = 93BE73472BF3322A00C43D42 /* Build configuration list for PBXProject "Findo" */;
			compatibilityVersion = "Xcode 14.0";
			developmentRegion = en;
			hasScannedForEncodings = 0;
			knownRegions = (
				en,
				Base,
			);
			mainGroup = 93BE73432BF3322A00C43D42;
			productRefGroup = 93BE734D2BF3322A00C43D42 /* Products */;
			projectDirPath = "";
			projectRoot = "";
			targets = (
				93BE734B2BF3322A00C43D42 /* Findo */,
			);
		};
/* End PBXProject section */

/* Begin PBXResourcesBuildPhase section */
		93BE734A2BF3322A00C43D42 /* Resources */ = {
			isa = PBXResourcesBuildPhase;
			buildActionMask = 2147483647;
			files = (
				93BE73542BF3322C00C43D42 /* Assets.xcassets in Resources */,
			);
			runOnlyForDeploymentPostprocessing = 0;
		};
/* End PBXResourcesBuildPhase section */

/* Begin PBXSourcesBuildPhase section */
		93BE73482BF3322A00C43D42 /* Sources */ = {
			isa = PBXSourcesBuildPhase;
			buildActionMask = 2147483647;
			files = (
				93BE73522BF3322A00C43D42 /* MainView.swift in Sources */,
				93BE73502BF3322A00C43D42 /* AppMain.swift in Sources */,
				93BE735F2BF3366D00C43D42 /* ObjectView.swift in Sources */,
				93BE73612BF3385500C43D42 /* ObjectViewController.swift in Sources */,
				93BE73642BF33CA600C43D42 /* ObjectDetector.mlmodel in Sources */,
			);
			runOnlyForDeploymentPostprocessing = 0;
		};
/* End PBXSourcesBuildPhase section */

/* Begin XCBuildConfiguration section */
		93BE73592BF3322C00C43D42 /* Debug */ = {
			isa = XCBuildConfiguration;
			buildSettings = {
				ALWAYS_SEARCH_USER_PATHS = NO;
				ASSETCATALOG_COMPILER_GENERATE_SWIFT_ASSET_SYMBOL_EXTENSIONS = YES;
				CLANG_ANALYZER_NONNULL = YES;
				CLANG_ANALYZER_NUMBER_OBJECT_CONVERSION = YES_AGGRESSIVE;
				CLANG_CXX_LANGUAGE_STANDARD = "gnu++20";
				CLANG_ENABLE_MODULES = YES;
				CLANG_ENABLE_OBJC_ARC = YES;
				CLANG_ENABLE_OBJC_WEAK = YES;
				CLANG_WARN_BLOCK_CAPTURE_AUTORELEASING = YES;
				CLANG_WARN_BOOL_CONVERSION = YES;
				CLANG_WARN_COMMA = YES;
				CLANG_WARN_CONSTANT_CONVERSION = YES;
				CLANG_WARN_DEPRECATED_OBJC_IMPLEMENTATIONS = YES;
				CLANG_WARN_DIRECT_OBJC_ISA_USAGE = YES_ERROR;
				CLANG_WARN_DOCUMENTATION_COMMENTS = YES;
				CLANG_WARN_EMPTY_BODY = YES;
				CLANG_WARN_ENUM_CONVERSION = YES;
				CLANG_WARN_INFINITE_RECURSION = YES;
				CLANG_WARN_INT_CONVERSION = YES;
				CLANG_WARN_NON_LITERAL_NULL_CONVERSION = YES;
				CLANG_WARN_OBJC_IMPLICIT_RETAIN_SELF = YES;
				CLANG_WARN_OBJC_LITERAL_CONVERSION = YES;
				CLANG_WARN_OBJC_ROOT_CLASS = YES_ERROR;
				CLANG_WARN_QUOTED_INCLUDE_IN_FRAMEWORK_HEADER = YES;
				CLANG_WARN_RANGE_LOOP_ANALYSIS = YES;
				CLANG_WARN_STRICT_PROTOTYPES = YES;
				CLANG_WARN_SUSPICIOUS_MOVE = YES;
				CLANG_WARN_UNGUARDED_AVAILABILITY = YES_AGGRESSIVE;
				CLANG_WARN_UNREACHABLE_CODE = YES;
				CLANG_WARN__DUPLICATE_METHOD_MATCH = YES;
				COPY_PHASE_STRIP = NO;
				DEBUG_INFORMATION_FORMAT = dwarf;
				ENABLE_STRICT_OBJC_MSGSEND = YES;
				ENABLE_TESTABILITY = YES;
				ENABLE_USER_SCRIPT_SANDBOXING = YES;
				GCC_C_LANGUAGE_STANDARD = gnu17;
				GCC_DYNAMIC_NO_PIC = NO;
				GCC_NO_COMMON_BLOCKS = YES;
				GCC_OPTIMIZATION_LEVEL = 0;
				GCC_PREPROCESSOR_DEFINITIONS = (
					"DEBUG=1",
					"$(inherited)",
				);
				GCC_WARN_64_TO_32_BIT_CONVERSION = YES;
				GCC_WARN_ABOUT_RETURN_TYPE = YES_ERROR;
				GCC_WARN_UNDECLARED_SELECTOR = YES;
				GCC_WARN_UNINITIALIZED_AUTOS = YES_AGGRESSIVE;
				GCC_WARN_UNUSED_FUNCTION = YES;
				GCC_WARN_UNUSED_VARIABLE = YES;
				LOCALIZATION_PREFERS_STRING_CATALOGS = YES;
				MACOSX_DEPLOYMENT_TARGET = 12.0;
				MTL_ENABLE_DEBUG_INFO = INCLUDE_SOURCE;
				MTL_FAST_MATH = YES;
				ONLY_ACTIVE_ARCH = YES;
				SDKROOT = macosx;
				SWIFT_ACTIVE_COMPILATION_CONDITIONS = "DEBUG $(inherited)";
				SWIFT_OPTIMIZATION_LEVEL = "-Onone";
			};
			name = Debug;
		};
		93BE735A2BF3322C00C43D42 /* Release */ = {
			isa = XCBuildConfiguration;
			buildSettings = {
				ALWAYS_SEARCH_USER_PATHS = NO;
				ASSETCATALOG_COMPILER_GENERATE_SWIFT_ASSET_SYMBOL_EXTENSIONS = YES;
				CLANG_ANALYZER_NONNULL = YES;
				CLANG_ANALYZER_NUMBER_OBJECT_CONVERSION = YES_AGGRESSIVE;
				CLANG_CXX_LANGUAGE_STANDARD = "gnu++20";
				CLANG_ENABLE_MODULES = YES;
				CLANG_ENABLE_OBJC_ARC = YES;
				CLANG_ENABLE_OBJC_WEAK = YES;
				CLANG_WARN_BLOCK_CAPTURE_AUTORELEASING = YES;
				CLANG_WARN_BOOL_CONVERSION = YES;
				CLANG_WARN_COMMA = YES;
				CLANG_WARN_CONSTANT_CONVERSION = YES;
				CLANG_WARN_DEPRECATED_OBJC_IMPLEMENTATIONS = YES;
				CLANG_WARN_DIRECT_OBJC_ISA_USAGE = YES_ERROR;
				CLANG_WARN_DOCUMENTATION_COMMENTS = YES;
				CLANG_WARN_EMPTY_BODY = YES;
				CLANG_WARN_ENUM_CONVERSION = YES;
				CLANG_WARN_INFINITE_RECURSION = YES;
				CLANG_WARN_INT_CONVERSION = YES;
				CLANG_WARN_NON_LITERAL_NULL_CONVERSION = YES;
				CLANG_WARN_OBJC_IMPLICIT_RETAIN_SELF = YES;
				CLANG_WARN_OBJC_LITERAL_CONVERSION = YES;
				CLANG_WARN_OBJC_ROOT_CLASS = YES_ERROR;
				CLANG_WARN_QUOTED_INCLUDE_IN_FRAMEWORK_HEADER = YES;
				CLANG_WARN_RANGE_LOOP_ANALYSIS = YES;
				CLANG_WARN_STRICT_PROTOTYPES = YES;
				CLANG_WARN_SUSPICIOUS_MOVE = YES;
				CLANG_WARN_UNGUARDED_AVAILABILITY = YES_AGGRESSIVE;
				CLANG_WARN_UNREACHABLE_CODE = YES;
				CLANG_WARN__DUPLICATE_METHOD_MATCH = YES;
				COPY_PHASE_STRIP = NO;
				DEBUG_INFORMATION_FORMAT = "dwarf-with-dsym";
				ENABLE_NS_ASSERTIONS = NO;
				ENABLE_STRICT_OBJC_MSGSEND = YES;
				ENABLE_USER_SCRIPT_SANDBOXING = YES;
				GCC_C_LANGUAGE_STANDARD = gnu17;
				GCC_NO_COMMON_BLOCKS = YES;
				GCC_WARN_64_TO_32_BIT_CONVERSION = YES;
				GCC_WARN_ABOUT_RETURN_TYPE = YES_ERROR;
				GCC_WARN_UNDECLARED_SELECTOR = YES;
				GCC_WARN_UNINITIALIZED_AUTOS = YES_AGGRESSIVE;
				GCC_WARN_UNUSED_FUNCTION = YES;
				GCC_WARN_UNUSED_VARIABLE = YES;
				LOCALIZATION_PREFERS_STRING_CATALOGS = YES;
				MACOSX_DEPLOYMENT_TARGET = 12.0;
				MTL_ENABLE_DEBUG_INFO = NO;
				MTL_FAST_MATH = YES;
				SDKROOT = macosx;
				SWIFT_COMPILATION_MODE = wholemodule;
			};
			name = Release;
		};
		93BE735C2BF3322C00C43D42 /* Debug */ = {
			isa = XCBuildConfiguration;
			buildSettings = {
				ASSETCATALOG_COMPILER_APPICON_NAME = AppIcon;
				ASSETCATALOG_COMPILER_GLOBAL_ACCENT_COLOR_NAME = AccentColor;
				CODE_SIGN_ENTITLEMENTS = Findo/Resource/Findo.entitlements;
				CODE_SIGN_STYLE = Automatic;
				COMBINE_HIDPI_IMAGES = YES;
				CURRENT_PROJECT_VERSION = 1;
				DEVELOPMENT_TEAM = 56V747V83R;
				ENABLE_HARDENED_RUNTIME = YES;
				ENABLE_PREVIEWS = YES;
				GENERATE_INFOPLIST_FILE = YES;
				INFOPLIST_FILE = Findo/Resource/Info.plist;
				INFOPLIST_KEY_CFBundleDisplayName = Findo;
				INFOPLIST_KEY_LSApplicationCategoryType = "public.app-category.video";
				INFOPLIST_KEY_NSCameraUsageDescription = "도현욱을 찾기 위해 카메라를 사용합니다!";
				INFOPLIST_KEY_NSHumanReadableCopyright = "";
				LD_RUNPATH_SEARCH_PATHS = (
					"$(inherited)",
					"@executable_path/../Frameworks",
				);
				MACOSX_DEPLOYMENT_TARGET = 12;
				MARKETING_VERSION = 1.0;
				PRODUCT_BUNDLE_IDENTIFIER = kr.hyunwook.findo;
				PRODUCT_NAME = "$(TARGET_NAME)";
				SWIFT_EMIT_LOC_STRINGS = YES;
				SWIFT_VERSION = 5.0;
			};
			name = Debug;
		};
		93BE735D2BF3322C00C43D42 /* Release */ = {
			isa = XCBuildConfiguration;
			buildSettings = {
				ASSETCATALOG_COMPILER_APPICON_NAME = AppIcon;
				ASSETCATALOG_COMPILER_GLOBAL_ACCENT_COLOR_NAME = AccentColor;
				CODE_SIGN_ENTITLEMENTS = Findo/Resource/Findo.entitlements;
				CODE_SIGN_STYLE = Automatic;
				COMBINE_HIDPI_IMAGES = YES;
				CURRENT_PROJECT_VERSION = 1;
				DEVELOPMENT_TEAM = 56V747V83R;
				ENABLE_HARDENED_RUNTIME = YES;
				ENABLE_PREVIEWS = YES;
				GENERATE_INFOPLIST_FILE = YES;
				INFOPLIST_FILE = Findo/Resource/Info.plist;
				INFOPLIST_KEY_CFBundleDisplayName = Findo;
				INFOPLIST_KEY_LSApplicationCategoryType = "public.app-category.video";
				INFOPLIST_KEY_NSCameraUsageDescription = "도현욱을 찾기 위해 카메라를 사용합니다!";
				INFOPLIST_KEY_NSHumanReadableCopyright = "";
				LD_RUNPATH_SEARCH_PATHS = (
					"$(inherited)",
					"@executable_path/../Frameworks",
				);
				MACOSX_DEPLOYMENT_TARGET = 12;
				MARKETING_VERSION = 1.0;
				PRODUCT_BUNDLE_IDENTIFIER = kr.hyunwook.findo;
				PRODUCT_NAME = "$(TARGET_NAME)";
				SWIFT_EMIT_LOC_STRINGS = YES;
				SWIFT_VERSION = 5.0;
			};
			name = Release;
		};
/* End XCBuildConfiguration section */

/* Begin XCConfigurationList section */
		93BE73472BF3322A00C43D42 /* Build configuration list for PBXProject "Findo" */ = {
			isa = XCConfigurationList;
			buildConfigurations = (
				93BE73592BF3322C00C43D42 /* Debug */,
				93BE735A2BF3322C00C43D42 /* Release */,
			);
			defaultConfigurationIsVisible = 0;
			defaultConfigurationName = Release;
		};
		93BE735B2BF3322C00C43D42 /* Build configuration list for PBXNativeTarget "Findo" */ = {
			isa = XCConfigurationList;
			buildConfigurations = (
				93BE735C2BF3322C00C43D42 /* Debug */,
				93BE735D2BF3322C00C43D42 /* Release */,
			);
			defaultConfigurationIsVisible = 0;
			defaultConfigurationName = Release;
		};
/* End XCConfigurationList section */
	};
	rootObject = 93BE73442BF3322A00C43D42 /* Project object */;
}
